
Microsoft Visual Studio Solution File, Format Version 11.00
# Visual Studio 2010
Project("{8BC9CEB8-8B4A-11D0-8D11-00A0C91BC942}") = "TRAB2-3", "TRAB2-3\TRAB2-3.vcxproj", "{C529C022-393E-466B-BDC9-FB72A47D1FB1}"
EndProject
Global
	GlobalSection(SolutionConfigurationPlatforms) = preSolution
		Debug|Win32 = Debug|Win32
		Release|Win32 = Release|Win32
	EndGlobalSection
	GlobalSection(ProjectConfigurationPlatforms) = postSolution
		{C529C022-393E-466B-BDC9-FB72A47D1FB1}.Debug|Win32.ActiveCfg = Debug|Win32
		{C529C022-393E-466B-BDC9-FB72A47D1FB1}.Debug|Win32.Build.0 = Debug|Win32
		{C529C022-393E-466B-BDC9-FB72A47D1FB1}.Release|Win32.ActiveCfg = Release|Win32
		{C529C022-393E-466B-BDC9-FB72A47D1FB1}.Release|Win32.Build.0 = Release|Win32
	EndGlobalSection
	GlobalSection(SolutionProperties) = preSolution
		HideSolutionNode = FALSE
	EndGlobalSection
EndGlobal
